// !$*UTF8*$!
{
	archiveVersion = 1;
	classes = {
	};
	objectVersion = 50;
	objects = {

/* Begin PBXBuildFile section */
		F40B1682242DF9D3009ADB3B /* AppDelegate.swift in Sources */ = {isa = PBXBuildFile; fileRef = F40B1681242DF9D3009ADB3B /* AppDelegate.swift */; };
		F40B168B242DF9D4009ADB3B /* Assets.xcassets in Resources */ = {isa = PBXBuildFile; fileRef = F40B168A242DF9D4009ADB3B /* Assets.xcassets */; };
		F40B168E242DF9D4009ADB3B /* LaunchScreen.storyboard in Resources */ = {isa = PBXBuildFile; fileRef = F40B168C242DF9D4009ADB3B /* LaunchScreen.storyboard */; };
		F40B169D242DFBEB009ADB3B /* PaymentViewController.swift in Sources */ = {isa = PBXBuildFile; fileRef = F40B1699242DFBEB009ADB3B /* PaymentViewController.swift */; };
		F40B169E242DFBEB009ADB3B /* BalanceViewController.swift in Sources */ = {isa = PBXBuildFile; fileRef = F40B169A242DFBEB009ADB3B /* BalanceViewController.swift */; };
		F40B169F242DFBEB009ADB3B /* LoginViewController.swift in Sources */ = {isa = PBXBuildFile; fileRef = F40B169B242DFBEB009ADB3B /* LoginViewController.swift */; };
		F40B16A0242DFBEB009ADB3B /* HomeViewController.swift in Sources */ = {isa = PBXBuildFile; fileRef = F40B169C242DFBEB009ADB3B /* HomeViewController.swift */; };
/* End PBXBuildFile section */

/* Begin PBXFileReference section */
		F40B167E242DF9D3009ADB3B /* FCM.app */ = {isa = PBXFileReference; explicitFileType = wrapper.application; includeInIndex = 0; path = FCM.app; sourceTree = BUILT_PRODUCTS_DIR; };
		F40B1681242DF9D3009ADB3B /* AppDelegate.swift */ = {isa = PBXFileReference; lastKnownFileType = sourcecode.swift; path = AppDelegate.swift; sourceTree = "<group>"; };
		F40B168A242DF9D4009ADB3B /* Assets.xcassets */ = {isa = PBXFileReference; lastKnownFileType = folder.assetcatalog; path = Assets.xcassets; sourceTree = "<group>"; };
		F40B168D242DF9D4009ADB3B /* Base */ = {isa = PBXFileReference; lastKnownFileType = file.storyboard; name = Base; path = Base.lproj/LaunchScreen.storyboard; sourceTree = "<group>"; };
		F40B168F242DF9D4009ADB3B /* Info.plist */ = {isa = PBXFileReference; lastKnownFileType = text.plist.xml; path = Info.plist; sourceTree = "<group>"; };
		F40B1699242DFBEB009ADB3B /* PaymentViewController.swift */ = {isa = PBXFileReference; fileEncoding = 4; lastKnownFileType = sourcecode.swift; path = PaymentViewController.swift; sourceTree = "<group>"; };
		F40B169A242DFBEB009ADB3B /* BalanceViewController.swift */ = {isa = PBXFileReference; fileEncoding = 4; lastKnownFileType = sourcecode.swift; path = BalanceViewController.swift; sourceTree = "<group>"; };
		F40B169B242DFBEB009ADB3B /* LoginViewController.swift */ = {isa = PBXFileReference; fileEncoding = 4; lastKnownFileType = sourcecode.swift; path = LoginViewController.swift; sourceTree = "<group>"; };
		F40B169C242DFBEB009ADB3B /* HomeViewController.swift */ = {isa = PBXFileReference; fileEncoding = 4; lastKnownFileType = sourcecode.swift; path = HomeViewController.swift; sourceTree = "<group>"; };
/* End PBXFileReference section */

/* Begin PBXFrameworksBuildPhase section */
		F40B167B242DF9D3009ADB3B /* Frameworks */ = {
			isa = PBXFrameworksBuildPhase;
			buildActionMask = 2147483647;
			files = (
			);
			runOnlyForDeploymentPostprocessing = 0;
		};
/* End PBXFrameworksBuildPhase section */

/* Begin PBXGroup section */
		F40B1675242DF9D3009ADB3B = {
			isa = PBXGroup;
			children = (
				F40B1680242DF9D3009ADB3B /* FCM */,
				F40B167F242DF9D3009ADB3B /* Products */,
			);
			sourceTree = "<group>";
		};
		F40B167F242DF9D3009ADB3B /* Products */ = {
			isa = PBXGroup;
			children = (
				F40B167E242DF9D3009ADB3B /* FCM.app */,
			);
			name = Products;
			sourceTree = "<group>";
		};
		F40B1680242DF9D3009ADB3B /* FCM */ = {
			isa = PBXGroup;
			children = (
				F40B1698242DFA9B009ADB3B /* Model */,
				F40B1697242DFA95009ADB3B /* View */,
				F40B1696242DFA8D009ADB3B /* Controller */,
				F40B1695242DFA4E009ADB3B /* SupportFiles */,
			);
			path = FCM;
			sourceTree = "<group>";
		};
		F40B1695242DFA4E009ADB3B /* SupportFiles */ = {
			isa = PBXGroup;
			children = (
				F40B1681242DF9D3009ADB3B /* AppDelegate.swift */,
				F40B168A242DF9D4009ADB3B /* Assets.xcassets */,
				F40B168F242DF9D4009ADB3B /* Info.plist */,
			);
			path = SupportFiles;
			sourceTree = "<group>";
		};
		F40B1696242DFA8D009ADB3B /* Controller */ = {
			isa = PBXGroup;
			children = (
				F40B169A242DFBEB009ADB3B /* BalanceViewController.swift */,
				F40B169C242DFBEB009ADB3B /* HomeViewController.swift */,
				F40B169B242DFBEB009ADB3B /* LoginViewController.swift */,
				F40B1699242DFBEB009ADB3B /* PaymentViewController.swift */,
			);
			path = Controller;
			sourceTree = "<group>";
		};
		F40B1697242DFA95009ADB3B /* View */ = {
			isa = PBXGroup;
			children = (
				F40B168C242DF9D4009ADB3B /* LaunchScreen.storyboard */,
			);
			path = View;
			sourceTree = "<group>";
		};
		F40B1698242DFA9B009ADB3B /* Model */ = {
			isa = PBXGroup;
			children = (
			);
			path = Model;
			sourceTree = "<group>";
		};
/* End PBXGroup section */

/* Begin PBXNativeTarget section */
		F40B167D242DF9D3009ADB3B /* FCM */ = {
			isa = PBXNativeTarget;
			buildConfigurationList = F40B1692242DF9D4009ADB3B /* Build configuration list for PBXNativeTarget "FCM" */;
			buildPhases = (
				F40B167A242DF9D3009ADB3B /* Sources */,
				F40B167B242DF9D3009ADB3B /* Frameworks */,
				F40B167C242DF9D3009ADB3B /* Resources */,
			);
			buildRules = (
			);
			dependencies = (
			);
			name = FCM;
			productName = FCM;
			productReference = F40B167E242DF9D3009ADB3B /* FCM.app */;
			productType = "com.apple.product-type.application";
		};
/* End PBXNativeTarget section */

/* Begin PBXProject section */
		F40B1676242DF9D3009ADB3B /* Project object */ = {
			isa = PBXProject;
			attributes = {
				LastSwiftUpdateCheck = 1140;
				LastUpgradeCheck = 1140;
				ORGANIZATIONNAME = "Ygor Nascimento";
				TargetAttributes = {
					F40B167D242DF9D3009ADB3B = {
						CreatedOnToolsVersion = 11.4;
					};
				};
			};
			buildConfigurationList = F40B1679242DF9D3009ADB3B /* Build configuration list for PBXProject "FCM" */;
			compatibilityVersion = "Xcode 9.3";
			developmentRegion = en;
			hasScannedForEncodings = 0;
			knownRegions = (
				en,
				Base,
			);
			mainGroup = F40B1675242DF9D3009ADB3B;
			productRefGroup = F40B167F242DF9D3009ADB3B /* Products */;
			projectDirPath = "";
			projectRoot = "";
			targets = (
				F40B167D242DF9D3009ADB3B /* FCM */,
			);
		};
/* End PBXProject section */

/* Begin PBXResourcesBuildPhase section */
		F40B167C242DF9D3009ADB3B /* Resources */ = {
			isa = PBXResourcesBuildPhase;
			buildActionMask = 2147483647;
			files = (
				F40B168E242DF9D4009ADB3B /* LaunchScreen.storyboard in Resources */,
				F40B168B242DF9D4009ADB3B /* Assets.xcassets in Resources */,
			);
			runOnlyForDeploymentPostprocessing = 0;
		};
/* End PBXResourcesBuildPhase section */

/* Begin PBXSourcesBuildPhase section */
		F40B167A242DF9D3009ADB3B /* Sources */ = {
			isa = PBXSourcesBuildPhase;
			buildActionMask = 2147483647;
			files = (
				F40B169D242DFBEB009ADB3B /* PaymentViewController.swift in Sources */,
				F40B1682242DF9D3009ADB3B /* AppDelegate.swift in Sources */,
				F40B169F242DFBEB009ADB3B /* LoginViewController.swift in Sources */,
				F40B169E242DFBEB009ADB3B /* BalanceViewController.swift in Sources */,
				F40B16A0242DFBEB009ADB3B /* HomeViewController.swift in Sources */,
			);
			runOnlyForDeploymentPostprocessing = 0;
		};
/* End PBXSourcesBuildPhase section */

/* Begin PBXVariantGroup section */
		F40B168C242DF9D4009ADB3B /* LaunchScreen.storyboard */ = {
			isa = PBXVariantGroup;
			children = (
				F40B168D242DF9D4009ADB3B /* Base */,
			);
			name = LaunchScreen.storyboard;
			sourceTree = "<group>";
		};
/* End PBXVariantGroup section */

/* Begin XCBuildConfiguration section */
		F40B1690242DF9D4009ADB3B /* Debug */ = {
			isa = XCBuildConfiguration;
			buildSettings = {
				ALWAYS_SEARCH_USER_PATHS = NO;
				CLANG_ANALYZER_NONNULL = YES;
				CLANG_ANALYZER_NUMBER_OBJECT_CONVERSION = YES_AGGRESSIVE;
				CLANG_CXX_LANGUAGE_STANDARD = "gnu++14";
				CLANG_CXX_LIBRARY = "libc++";
				CLANG_ENABLE_MODULES = YES;
				CLANG_ENABLE_OBJC_ARC = YES;
				CLANG_ENABLE_OBJC_WEAK = YES;
				CLANG_WARN_BLOCK_CAPTURE_AUTORELEASING = YES;
				CLANG_WARN_BOOL_CONVERSION = YES;
				CLANG_WARN_COMMA = YES;
				CLANG_WARN_CONSTANT_CONVERSION = YES;
				CLANG_WARN_DEPRECATED_OBJC_IMPLEMENTATIONS = YES;
				CLANG_WARN_DIRECT_OBJC_ISA_USAGE = YES_ERROR;
				CLANG_WARN_DOCUMENTATION_COMMENTS = YES;
				CLANG_WARN_EMPTY_BODY = YES;
				CLANG_WARN_ENUM_CONVERSION = YES;
				CLANG_WARN_INFINITE_RECURSION = YES;
				CLANG_WARN_INT_CONVERSION = YES;
				CLANG_WARN_NON_LITERAL_NULL_CONVERSION = YES;
				CLANG_WARN_OBJC_IMPLICIT_RETAIN_SELF = YES;
				CLANG_WARN_OBJC_LITERAL_CONVERSION = YES;
				CLANG_WARN_OBJC_ROOT_CLASS = YES_ERROR;
				CLANG_WARN_RANGE_LOOP_ANALYSIS = YES;
				CLANG_WARN_STRICT_PROTOTYPES = YES;
				CLANG_WARN_SUSPICIOUS_MOVE = YES;
				CLANG_WARN_UNGUARDED_AVAILABILITY = YES_AGGRESSIVE;
				CLANG_WARN_UNREACHABLE_CODE = YES;
				CLANG_WARN__DUPLICATE_METHOD_MATCH = YES;
				COPY_PHASE_STRIP = NO;
				DEBUG_INFORMATION_FORMAT = dwarf;
				ENABLE_STRICT_OBJC_MSGSEND = YES;
				ENABLE_TESTABILITY = YES;
				GCC_C_LANGUAGE_STANDARD = gnu11;
				GCC_DYNAMIC_NO_PIC = NO;
				GCC_NO_COMMON_BLOCKS = YES;
				GCC_OPTIMIZATION_LEVEL = 0;
				GCC_PREPROCESSOR_DEFINITIONS = (
					"DEBUG=1",
					"$(inherited)",
				);
				GCC_WARN_64_TO_32_BIT_CONVERSION = YES;
				GCC_WARN_ABOUT_RETURN_TYPE = YES_ERROR;
				GCC_WARN_UNDECLARED_SELECTOR = YES;
				GCC_WARN_UNINITIALIZED_AUTOS = YES_AGGRESSIVE;
				GCC_WARN_UNUSED_FUNCTION = YES;
				GCC_WARN_UNUSED_VARIABLE = YES;
				IPHONEOS_DEPLOYMENT_TARGET = 13.4;
				MTL_ENABLE_DEBUG_INFO = INCLUDE_SOURCE;
				MTL_FAST_MATH = YES;
				ONLY_ACTIVE_ARCH = YES;
				SDKROOT = iphoneos;
				SWIFT_ACTIVE_COMPILATION_CONDITIONS = DEBUG;
				SWIFT_OPTIMIZATION_LEVEL = "-Onone";
			};
			name = Debug;
		};
		F40B1691242DF9D4009ADB3B /* Release */ = {
			isa = XCBuildConfiguration;
			buildSettings = {
				ALWAYS_SEARCH_USER_PATHS = NO;
				CLANG_ANALYZER_NONNULL = YES;
				CLANG_ANALYZER_NUMBER_OBJECT_CONVERSION = YES_AGGRESSIVE;
				CLANG_CXX_LANGUAGE_STANDARD = "gnu++14";
				CLANG_CXX_LIBRARY = "libc++";
				CLANG_ENABLE_MODULES = YES;
				CLANG_ENABLE_OBJC_ARC = YES;
				CLANG_ENABLE_OBJC_WEAK = YES;
				CLANG_WARN_BLOCK_CAPTURE_AUTORELEASING = YES;
				CLANG_WARN_BOOL_CONVERSION = YES;
				CLANG_WARN_COMMA = YES;
				CLANG_WARN_CONSTANT_CONVERSION = YES;
				CLANG_WARN_DEPRECATED_OBJC_IMPLEMENTATIONS = YES;
				CLANG_WARN_DIRECT_OBJC_ISA_USAGE = YES_ERROR;
				CLANG_WARN_DOCUMENTATION_COMMENTS = YES;
				CLANG_WARN_EMPTY_BODY = YES;
				CLANG_WARN_ENUM_CONVERSION = YES;
				CLANG_WARN_INFINITE_RECURSION = YES;
				CLANG_WARN_INT_CONVERSION = YES;
				CLANG_WARN_NON_LITERAL_NULL_CONVERSION = YES;
				CLANG_WARN_OBJC_IMPLICIT_RETAIN_SELF = YES;
				CLANG_WARN_OBJC_LITERAL_CONVERSION = YES;
				CLANG_WARN_OBJC_ROOT_CLASS = YES_ERROR;
				CLANG_WARN_RANGE_LOOP_ANALYSIS = YES;
				CLANG_WARN_STRICT_PROTOTYPES = YES;
				CLANG_WARN_SUSPICIOUS_MOVE = YES;
				CLANG_WARN_UNGUARDED_AVAILABILITY = YES_AGGRESSIVE;
				CLANG_WARN_UNREACHABLE_CODE = YES;
				CLANG_WARN__DUPLICATE_METHOD_MATCH = YES;
				COPY_PHASE_STRIP = NO;
				DEBUG_INFORMATION_FORMAT = "dwarf-with-dsym";
				ENABLE_NS_ASSERTIONS = NO;
				ENABLE_STRICT_OBJC_MSGSEND = YES;
				GCC_C_LANGUAGE_STANDARD = gnu11;
				GCC_NO_COMMON_BLOCKS = YES;
				GCC_WARN_64_TO_32_BIT_CONVERSION = YES;
				GCC_WARN_ABOUT_RETURN_TYPE = YES_ERROR;
				GCC_WARN_UNDECLARED_SELECTOR = YES;
				GCC_WARN_UNINITIALIZED_AUTOS = YES_AGGRESSIVE;
				GCC_WARN_UNUSED_FUNCTION = YES;
				GCC_WARN_UNUSED_VARIABLE = YES;
				IPHONEOS_DEPLOYMENT_TARGET = 13.4;
				MTL_ENABLE_DEBUG_INFO = NO;
				MTL_FAST_MATH = YES;
				SDKROOT = iphoneos;
				SWIFT_COMPILATION_MODE = wholemodule;
				SWIFT_OPTIMIZATION_LEVEL = "-O";
				VALIDATE_PRODUCT = YES;
			};
			name = Release;
		};
		F40B1693242DF9D4009ADB3B /* Debug */ = {
			isa = XCBuildConfiguration;
			buildSettings = {
				ASSETCATALOG_COMPILER_APPICON_NAME = AppIcon;
				CODE_SIGN_STYLE = Automatic;
				DEVELOPMENT_TEAM = 44ST363BTK;
				INFOPLIST_FILE = FCM/SupportFiles/Info.plist;
				LD_RUNPATH_SEARCH_PATHS = (
					"$(inherited)",
					"@executable_path/Frameworks",
				);
				PRODUCT_BUNDLE_IDENTIFIER = br.com.ynascimento.FCM;
				PRODUCT_NAME = "$(TARGET_NAME)";
				SWIFT_VERSION = 5.0;
				TARGETED_DEVICE_FAMILY = "1,2";
			};
			name = Debug;
		};
		F40B1694242DF9D4009ADB3B /* Release */ = {
			isa = XCBuildConfiguration;
			buildSettings = {
				ASSETCATALOG_COMPILER_APPICON_NAME = AppIcon;
				CODE_SIGN_STYLE = Automatic;
				DEVELOPMENT_TEAM = 44ST363BTK;
				INFOPLIST_FILE = FCM/SupportFiles/Info.plist;
				LD_RUNPATH_SEARCH_PATHS = (
					"$(inherited)",
					"@executable_path/Frameworks",
				);
				PRODUCT_BUNDLE_IDENTIFIER = br.com.ynascimento.FCM;
				PRODUCT_NAME = "$(TARGET_NAME)";
				SWIFT_VERSION = 5.0;
				TARGETED_DEVICE_FAMILY = "1,2";
			};
			name = Release;
		};
/* End XCBuildConfiguration section */

/* Begin XCConfigurationList section */
		F40B1679242DF9D3009ADB3B /* Build configuration list for PBXProject "FCM" */ = {
			isa = XCConfigurationList;
			buildConfigurations = (
				F40B1690242DF9D4009ADB3B /* Debug */,
				F40B1691242DF9D4009ADB3B /* Release */,
			);
			defaultConfigurationIsVisible = 0;
			defaultConfigurationName = Release;
		};
		F40B1692242DF9D4009ADB3B /* Build configuration list for PBXNativeTarget "FCM" */ = {
			isa = XCConfigurationList;
			buildConfigurations = (
				F40B1693242DF9D4009ADB3B /* Debug */,
				F40B1694242DF9D4009ADB3B /* Release */,
			);
			defaultConfigurationIsVisible = 0;
			defaultConfigurationName = Release;
		};
/* End XCConfigurationList section */
	};
	rootObject = F40B1676242DF9D3009ADB3B /* Project object */;
}
