// !$*UTF8*$!
{
	archiveVersion = 1;
	classes = {
	};
	objectVersion = 51;
	objects = {

/* Begin PBXBuildFile section */
		0FE9A929ACD6791F91E73C0E /* Pods_NotificationServicesExtension.framework in Frameworks */ = {isa = PBXBuildFile; fileRef = 2044CEDD103C229E98D25C9D /* Pods_NotificationServicesExtension.framework */; };
		84A1B625B0A5877F90A752D6 /* Pods_FCM.framework in Frameworks */ = {isa = PBXBuildFile; fileRef = ADA74507599D24A4E82F1516 /* Pods_FCM.framework */; };
		F401E648242E2C740050B487 /* NotificationService.swift in Sources */ = {isa = PBXBuildFile; fileRef = F401E647242E2C740050B487 /* NotificationService.swift */; };
		F401E64C242E2C740050B487 /* NotificationServicesExtension.appex in Embed App Extensions */ = {isa = PBXBuildFile; fileRef = F401E645242E2C740050B487 /* NotificationServicesExtension.appex */; settings = {ATTRIBUTES = (RemoveHeadersOnCopy, ); }; };
		F40B1682242DF9D3009ADB3B /* AppDelegate.swift in Sources */ = {isa = PBXBuildFile; fileRef = F40B1681242DF9D3009ADB3B /* AppDelegate.swift */; };
		F40B168B242DF9D4009ADB3B /* Assets.xcassets in Resources */ = {isa = PBXBuildFile; fileRef = F40B168A242DF9D4009ADB3B /* Assets.xcassets */; };
		F40B168E242DF9D4009ADB3B /* LaunchScreen.storyboard in Resources */ = {isa = PBXBuildFile; fileRef = F40B168C242DF9D4009ADB3B /* LaunchScreen.storyboard */; };
		F40B169D242DFBEB009ADB3B /* PaymentViewController.swift in Sources */ = {isa = PBXBuildFile; fileRef = F40B1699242DFBEB009ADB3B /* PaymentViewController.swift */; };
		F40B169E242DFBEB009ADB3B /* BalanceViewController.swift in Sources */ = {isa = PBXBuildFile; fileRef = F40B169A242DFBEB009ADB3B /* BalanceViewController.swift */; };
		F40B169F242DFBEB009ADB3B /* LoginViewController.swift in Sources */ = {isa = PBXBuildFile; fileRef = F40B169B242DFBEB009ADB3B /* LoginViewController.swift */; };
		F40B16A0242DFBEB009ADB3B /* HomeViewController.swift in Sources */ = {isa = PBXBuildFile; fileRef = F40B169C242DFBEB009ADB3B /* HomeViewController.swift */; };
		F4957A71242DFFCF004FA6A7 /* GoogleService-Info.plist in Resources */ = {isa = PBXBuildFile; fileRef = F4957A70242DFFCF004FA6A7 /* GoogleService-Info.plist */; };
		F49F474F243F9A0400CCFD42 /* FirebaseInAppActions.swift in Sources */ = {isa = PBXBuildFile; fileRef = F49F474E243F9A0400CCFD42 /* FirebaseInAppActions.swift */; };
/* End PBXBuildFile section */

/* Begin PBXContainerItemProxy section */
		F401E64A242E2C740050B487 /* PBXContainerItemProxy */ = {
			isa = PBXContainerItemProxy;
			containerPortal = F40B1676242DF9D3009ADB3B /* Project object */;
			proxyType = 1;
			remoteGlobalIDString = F401E644242E2C740050B487;
			remoteInfo = NotificationServicesExtension;
		};
/* End PBXContainerItemProxy section */

/* Begin PBXCopyFilesBuildPhase section */
		F401E64D242E2C740050B487 /* Embed App Extensions */ = {
			isa = PBXCopyFilesBuildPhase;
			buildActionMask = 2147483647;
			dstPath = "";
			dstSubfolderSpec = 13;
			files = (
				F401E64C242E2C740050B487 /* NotificationServicesExtension.appex in Embed App Extensions */,
			);
			name = "Embed App Extensions";
			runOnlyForDeploymentPostprocessing = 0;
		};
/* End PBXCopyFilesBuildPhase section */

/* Begin PBXFileReference section */
		2044CEDD103C229E98D25C9D /* Pods_NotificationServicesExtension.framework */ = {isa = PBXFileReference; explicitFileType = wrapper.framework; includeInIndex = 0; path = Pods_NotificationServicesExtension.framework; sourceTree = BUILT_PRODUCTS_DIR; };
		63A369FFFED4ED87E9EBA4F2 /* Pods-NotificationServicesExtension.release.xcconfig */ = {isa = PBXFileReference; includeInIndex = 1; lastKnownFileType = text.xcconfig; name = "Pods-NotificationServicesExtension.release.xcconfig"; path = "Target Support Files/Pods-NotificationServicesExtension/Pods-NotificationServicesExtension.release.xcconfig"; sourceTree = "<group>"; };
		6A6EC99A61ABFFF3AAC772E8 /* Pods-FCM.release.xcconfig */ = {isa = PBXFileReference; includeInIndex = 1; lastKnownFileType = text.xcconfig; name = "Pods-FCM.release.xcconfig"; path = "Target Support Files/Pods-FCM/Pods-FCM.release.xcconfig"; sourceTree = "<group>"; };
		996E8D96F46A11178BBDF065 /* Pods-FCM.debug.xcconfig */ = {isa = PBXFileReference; includeInIndex = 1; lastKnownFileType = text.xcconfig; name = "Pods-FCM.debug.xcconfig"; path = "Target Support Files/Pods-FCM/Pods-FCM.debug.xcconfig"; sourceTree = "<group>"; };
		ADA74507599D24A4E82F1516 /* Pods_FCM.framework */ = {isa = PBXFileReference; explicitFileType = wrapper.framework; includeInIndex = 0; path = Pods_FCM.framework; sourceTree = BUILT_PRODUCTS_DIR; };
		F401E645242E2C740050B487 /* NotificationServicesExtension.appex */ = {isa = PBXFileReference; explicitFileType = "wrapper.app-extension"; includeInIndex = 0; path = NotificationServicesExtension.appex; sourceTree = BUILT_PRODUCTS_DIR; };
		F401E647242E2C740050B487 /* NotificationService.swift */ = {isa = PBXFileReference; lastKnownFileType = sourcecode.swift; path = NotificationService.swift; sourceTree = "<group>"; };
		F401E649242E2C740050B487 /* Info.plist */ = {isa = PBXFileReference; lastKnownFileType = text.plist.xml; path = Info.plist; sourceTree = "<group>"; };
		F40B167E242DF9D3009ADB3B /* FCM.app */ = {isa = PBXFileReference; explicitFileType = wrapper.application; includeInIndex = 0; path = FCM.app; sourceTree = BUILT_PRODUCTS_DIR; };
		F40B1681242DF9D3009ADB3B /* AppDelegate.swift */ = {isa = PBXFileReference; lastKnownFileType = sourcecode.swift; path = AppDelegate.swift; sourceTree = "<group>"; };
		F40B168A242DF9D4009ADB3B /* Assets.xcassets */ = {isa = PBXFileReference; lastKnownFileType = folder.assetcatalog; path = Assets.xcassets; sourceTree = "<group>"; };
		F40B168D242DF9D4009ADB3B /* Base */ = {isa = PBXFileReference; lastKnownFileType = file.storyboard; name = Base; path = Base.lproj/LaunchScreen.storyboard; sourceTree = "<group>"; };
		F40B168F242DF9D4009ADB3B /* Info.plist */ = {isa = PBXFileReference; lastKnownFileType = text.plist.xml; path = Info.plist; sourceTree = "<group>"; };
		F40B1699242DFBEB009ADB3B /* PaymentViewController.swift */ = {isa = PBXFileReference; fileEncoding = 4; lastKnownFileType = sourcecode.swift; path = PaymentViewController.swift; sourceTree = "<group>"; };
		F40B169A242DFBEB009ADB3B /* BalanceViewController.swift */ = {isa = PBXFileReference; fileEncoding = 4; lastKnownFileType = sourcecode.swift; path = BalanceViewController.swift; sourceTree = "<group>"; };
		F40B169B242DFBEB009ADB3B /* LoginViewController.swift */ = {isa = PBXFileReference; fileEncoding = 4; lastKnownFileType = sourcecode.swift; path = LoginViewController.swift; sourceTree = "<group>"; };
		F40B169C242DFBEB009ADB3B /* HomeViewController.swift */ = {isa = PBXFileReference; fileEncoding = 4; lastKnownFileType = sourcecode.swift; path = HomeViewController.swift; sourceTree = "<group>"; };
		F4957A6F242DFEB8004FA6A7 /* FCM.entitlements */ = {isa = PBXFileReference; lastKnownFileType = text.plist.entitlements; path = FCM.entitlements; sourceTree = "<group>"; };
		F4957A70242DFFCF004FA6A7 /* GoogleService-Info.plist */ = {isa = PBXFileReference; fileEncoding = 4; lastKnownFileType = text.plist.xml; path = "GoogleService-Info.plist"; sourceTree = "<group>"; };
		F49F474E243F9A0400CCFD42 /* FirebaseInAppActions.swift */ = {isa = PBXFileReference; lastKnownFileType = sourcecode.swift; name = FirebaseInAppActions.swift; path = ../../../../FirebaseInAppActions.swift; sourceTree = "<group>"; };
		F7B1E40791359C8EF2E3C564 /* Pods-NotificationServicesExtension.debug.xcconfig */ = {isa = PBXFileReference; includeInIndex = 1; lastKnownFileType = text.xcconfig; name = "Pods-NotificationServicesExtension.debug.xcconfig"; path = "Target Support Files/Pods-NotificationServicesExtension/Pods-NotificationServicesExtension.debug.xcconfig"; sourceTree = "<group>"; };
/* End PBXFileReference section */

/* Begin PBXFrameworksBuildPhase section */
		F401E642242E2C740050B487 /* Frameworks */ = {
			isa = PBXFrameworksBuildPhase;
			buildActionMask = 2147483647;
			files = (
				0FE9A929ACD6791F91E73C0E /* Pods_NotificationServicesExtension.framework in Frameworks */,
			);
			runOnlyForDeploymentPostprocessing = 0;
		};
		F40B167B242DF9D3009ADB3B /* Frameworks */ = {
			isa = PBXFrameworksBuildPhase;
			buildActionMask = 2147483647;
			files = (
				84A1B625B0A5877F90A752D6 /* Pods_FCM.framework in Frameworks */,
			);
			runOnlyForDeploymentPostprocessing = 0;
		};
/* End PBXFrameworksBuildPhase section */

/* Begin PBXGroup section */
		11FB0D79A05D01F59AE1B5D0 /* Pods */ = {
			isa = PBXGroup;
			children = (
				996E8D96F46A11178BBDF065 /* Pods-FCM.debug.xcconfig */,
				6A6EC99A61ABFFF3AAC772E8 /* Pods-FCM.release.xcconfig */,
				F7B1E40791359C8EF2E3C564 /* Pods-NotificationServicesExtension.debug.xcconfig */,
				63A369FFFED4ED87E9EBA4F2 /* Pods-NotificationServicesExtension.release.xcconfig */,
			);
			path = Pods;
			sourceTree = "<group>";
		};
		76119A4D887B1351684058B3 /* Frameworks */ = {
			isa = PBXGroup;
			children = (
				ADA74507599D24A4E82F1516 /* Pods_FCM.framework */,
				2044CEDD103C229E98D25C9D /* Pods_NotificationServicesExtension.framework */,
			);
			name = Frameworks;
			sourceTree = "<group>";
		};
		F401E646242E2C740050B487 /* NotificationServicesExtension */ = {
			isa = PBXGroup;
			children = (
				F401E647242E2C740050B487 /* NotificationService.swift */,
				F401E649242E2C740050B487 /* Info.plist */,
			);
			path = NotificationServicesExtension;
			sourceTree = "<group>";
		};
		F40B1675242DF9D3009ADB3B = {
			isa = PBXGroup;
			children = (
				F40B1680242DF9D3009ADB3B /* FCM */,
				F401E646242E2C740050B487 /* NotificationServicesExtension */,
				F40B167F242DF9D3009ADB3B /* Products */,
				11FB0D79A05D01F59AE1B5D0 /* Pods */,
				76119A4D887B1351684058B3 /* Frameworks */,
			);
			sourceTree = "<group>";
		};
		F40B167F242DF9D3009ADB3B /* Products */ = {
			isa = PBXGroup;
			children = (
				F40B167E242DF9D3009ADB3B /* FCM.app */,
				F401E645242E2C740050B487 /* NotificationServicesExtension.appex */,
			);
			name = Products;
			sourceTree = "<group>";
		};
		F40B1680242DF9D3009ADB3B /* FCM */ = {
			isa = PBXGroup;
			children = (
				F4957A6F242DFEB8004FA6A7 /* FCM.entitlements */,
				F40B1698242DFA9B009ADB3B /* Model */,
				F40B1697242DFA95009ADB3B /* View */,
				F40B1696242DFA8D009ADB3B /* Controller */,
				F40B1695242DFA4E009ADB3B /* SupportFiles */,
			);
			path = FCM;
			sourceTree = "<group>";
		};
		F40B1695242DFA4E009ADB3B /* SupportFiles */ = {
			isa = PBXGroup;
			children = (
				F40B1681242DF9D3009ADB3B /* AppDelegate.swift */,
				F40B168A242DF9D4009ADB3B /* Assets.xcassets */,
				F40B168F242DF9D4009ADB3B /* Info.plist */,
				F4957A70242DFFCF004FA6A7 /* GoogleService-Info.plist */,
			);
			path = SupportFiles;
			sourceTree = "<group>";
		};
		F40B1696242DFA8D009ADB3B /* Controller */ = {
			isa = PBXGroup;
			children = (
				F40B169A242DFBEB009ADB3B /* BalanceViewController.swift */,
				F40B169C242DFBEB009ADB3B /* HomeViewController.swift */,
				F40B169B242DFBEB009ADB3B /* LoginViewController.swift */,
				F40B1699242DFBEB009ADB3B /* PaymentViewController.swift */,
			);
			path = Controller;
			sourceTree = "<group>";
		};
		F40B1697242DFA95009ADB3B /* View */ = {
			isa = PBXGroup;
			children = (
				F40B168C242DF9D4009ADB3B /* LaunchScreen.storyboard */,
			);
			path = View;
			sourceTree = "<group>";
		};
		F40B1698242DFA9B009ADB3B /* Model */ = {
			isa = PBXGroup;
			children = (
				F49F474E243F9A0400CCFD42 /* FirebaseInAppActions.swift */,
			);
			path = Model;
			sourceTree = "<group>";
		};
/* End PBXGroup section */

/* Begin PBXNativeTarget section */
		F401E644242E2C740050B487 /* NotificationServicesExtension */ = {
			isa = PBXNativeTarget;
			buildConfigurationList = F401E650242E2C740050B487 /* Build configuration list for PBXNativeTarget "NotificationServicesExtension" */;
			buildPhases = (
				E2E5BD9A698F1AA9B7A3C75A /* [CP] Check Pods Manifest.lock */,
				F401E641242E2C740050B487 /* Sources */,
				F401E642242E2C740050B487 /* Frameworks */,
				F401E643242E2C740050B487 /* Resources */,
			);
			buildRules = (
			);
			dependencies = (
			);
			name = NotificationServicesExtension;
			productName = NotificationServicesExtension;
			productReference = F401E645242E2C740050B487 /* NotificationServicesExtension.appex */;
			productType = "com.apple.product-type.app-extension";
		};
		F40B167D242DF9D3009ADB3B /* FCM */ = {
			isa = PBXNativeTarget;
			buildConfigurationList = F40B1692242DF9D4009ADB3B /* Build configuration list for PBXNativeTarget "FCM" */;
			buildPhases = (
				A3172866625F3C651EDD157D /* [CP] Check Pods Manifest.lock */,
				F40B167A242DF9D3009ADB3B /* Sources */,
				F40B167B242DF9D3009ADB3B /* Frameworks */,
				F40B167C242DF9D3009ADB3B /* Resources */,
				E053E58C6B14A65A3E1506A4 /* [CP] Embed Pods Frameworks */,
				F401E64D242E2C740050B487 /* Embed App Extensions */,
				E40DED45C9E1270661515503 /* [CP] Copy Pods Resources */,
			);
			buildRules = (
			);
			dependencies = (
				F401E64B242E2C740050B487 /* PBXTargetDependency */,
			);
			name = FCM;
			productName = FCM;
			productReference = F40B167E242DF9D3009ADB3B /* FCM.app */;
			productType = "com.apple.product-type.application";
		};
/* End PBXNativeTarget section */

/* Begin PBXProject section */
		F40B1676242DF9D3009ADB3B /* Project object */ = {
			isa = PBXProject;
			attributes = {
				LastSwiftUpdateCheck = 1130;
				LastUpgradeCheck = 1140;
				ORGANIZATIONNAME = "Ygor Nascimento";
				TargetAttributes = {
					F401E644242E2C740050B487 = {
						CreatedOnToolsVersion = 11.3;
					};
					F40B167D242DF9D3009ADB3B = {
						CreatedOnToolsVersion = 11.4;
					};
				};
			};
			buildConfigurationList = F40B1679242DF9D3009ADB3B /* Build configuration list for PBXProject "FCM" */;
			compatibilityVersion = "Xcode 9.3";
			developmentRegion = en;
			hasScannedForEncodings = 0;
			knownRegions = (
				en,
				Base,
			);
			mainGroup = F40B1675242DF9D3009ADB3B;
			productRefGroup = F40B167F242DF9D3009ADB3B /* Products */;
			projectDirPath = "";
			projectRoot = "";
			targets = (
				F40B167D242DF9D3009ADB3B /* FCM */,
				F401E644242E2C740050B487 /* NotificationServicesExtension */,
			);
		};
/* End PBXProject section */

/* Begin PBXResourcesBuildPhase section */
		F401E643242E2C740050B487 /* Resources */ = {
			isa = PBXResourcesBuildPhase;
			buildActionMask = 2147483647;
			files = (
			);
			runOnlyForDeploymentPostprocessing = 0;
		};
		F40B167C242DF9D3009ADB3B /* Resources */ = {
			isa = PBXResourcesBuildPhase;
			buildActionMask = 2147483647;
			files = (
				F40B168E242DF9D4009ADB3B /* LaunchScreen.storyboard in Resources */,
				F40B168B242DF9D4009ADB3B /* Assets.xcassets in Resources */,
				F4957A71242DFFCF004FA6A7 /* GoogleService-Info.plist in Resources */,
			);
			runOnlyForDeploymentPostprocessing = 0;
		};
/* End PBXResourcesBuildPhase section */

/* Begin PBXShellScriptBuildPhase section */
		A3172866625F3C651EDD157D /* [CP] Check Pods Manifest.lock */ = {
			isa = PBXShellScriptBuildPhase;
			buildActionMask = 2147483647;
			files = (
			);
			inputFileListPaths = (
			);
			inputPaths = (
				"${PODS_PODFILE_DIR_PATH}/Podfile.lock",
				"${PODS_ROOT}/Manifest.lock",
			);
			name = "[CP] Check Pods Manifest.lock";
			outputFileListPaths = (
			);
			outputPaths = (
				"$(DERIVED_FILE_DIR)/Pods-FCM-checkManifestLockResult.txt",
			);
			runOnlyForDeploymentPostprocessing = 0;
			shellPath = /bin/sh;
			shellScript = "diff \"${PODS_PODFILE_DIR_PATH}/Podfile.lock\" \"${PODS_ROOT}/Manifest.lock\" > /dev/null\nif [ $? != 0 ] ; then\n    # print error to STDERR\n    echo \"error: The sandbox is not in sync with the Podfile.lock. Run 'pod install' or update your CocoaPods installation.\" >&2\n    exit 1\nfi\n# This output is used by Xcode 'outputs' to avoid re-running this script phase.\necho \"SUCCESS\" > \"${SCRIPT_OUTPUT_FILE_0}\"\n";
			showEnvVarsInLog = 0;
		};
		E053E58C6B14A65A3E1506A4 /* [CP] Embed Pods Frameworks */ = {
			isa = PBXShellScriptBuildPhase;
			buildActionMask = 2147483647;
			files = (
			);
			inputFileListPaths = (
				"${PODS_ROOT}/Target Support Files/Pods-FCM/Pods-FCM-frameworks-${CONFIGURATION}-input-files.xcfilelist",
			);
			name = "[CP] Embed Pods Frameworks";
			outputFileListPaths = (
				"${PODS_ROOT}/Target Support Files/Pods-FCM/Pods-FCM-frameworks-${CONFIGURATION}-output-files.xcfilelist",
			);
			runOnlyForDeploymentPostprocessing = 0;
			shellPath = /bin/sh;
			shellScript = "\"${PODS_ROOT}/Target Support Files/Pods-FCM/Pods-FCM-frameworks.sh\"\n";
			showEnvVarsInLog = 0;
		};
		E2E5BD9A698F1AA9B7A3C75A /* [CP] Check Pods Manifest.lock */ = {
			isa = PBXShellScriptBuildPhase;
			buildActionMask = 2147483647;
			files = (
			);
			inputFileListPaths = (
			);
			inputPaths = (
				"${PODS_PODFILE_DIR_PATH}/Podfile.lock",
				"${PODS_ROOT}/Manifest.lock",
			);
			name = "[CP] Check Pods Manifest.lock";
			outputFileListPaths = (
			);
			outputPaths = (
				"$(DERIVED_FILE_DIR)/Pods-NotificationServicesExtension-checkManifestLockResult.txt",
			);
			runOnlyForDeploymentPostprocessing = 0;
			shellPath = /bin/sh;
			shellScript = "diff \"${PODS_PODFILE_DIR_PATH}/Podfile.lock\" \"${PODS_ROOT}/Manifest.lock\" > /dev/null\nif [ $? != 0 ] ; then\n    # print error to STDERR\n    echo \"error: The sandbox is not in sync with the Podfile.lock. Run 'pod install' or update your CocoaPods installation.\" >&2\n    exit 1\nfi\n# This output is used by Xcode 'outputs' to avoid re-running this script phase.\necho \"SUCCESS\" > \"${SCRIPT_OUTPUT_FILE_0}\"\n";
			showEnvVarsInLog = 0;
		};
		E40DED45C9E1270661515503 /* [CP] Copy Pods Resources */ = {
			isa = PBXShellScriptBuildPhase;
			buildActionMask = 2147483647;
			files = (
			);
			inputFileListPaths = (
				"${PODS_ROOT}/Target Support Files/Pods-FCM/Pods-FCM-resources-${CONFIGURATION}-input-files.xcfilelist",
			);
			name = "[CP] Copy Pods Resources";
			outputFileListPaths = (
				"${PODS_ROOT}/Target Support Files/Pods-FCM/Pods-FCM-resources-${CONFIGURATION}-output-files.xcfilelist",
			);
			runOnlyForDeploymentPostprocessing = 0;
			shellPath = /bin/sh;
			shellScript = "\"${PODS_ROOT}/Target Support Files/Pods-FCM/Pods-FCM-resources.sh\"\n";
			showEnvVarsInLog = 0;
		};
/* End PBXShellScriptBuildPhase section */

/* Begin PBXSourcesBuildPhase section */
		F401E641242E2C740050B487 /* Sources */ = {
			isa = PBXSourcesBuildPhase;
			buildActionMask = 2147483647;
			files = (
				F401E648242E2C740050B487 /* NotificationService.swift in Sources */,
			);
			runOnlyForDeploymentPostprocessing = 0;
		};
		F40B167A242DF9D3009ADB3B /* Sources */ = {
			isa = PBXSourcesBuildPhase;
			buildActionMask = 2147483647;
			files = (
				F40B169D242DFBEB009ADB3B /* PaymentViewController.swift in Sources */,
				F40B1682242DF9D3009ADB3B /* AppDelegate.swift in Sources */,
				F40B169F242DFBEB009ADB3B /* LoginViewController.swift in Sources */,
				F49F474F243F9A0400CCFD42 /* FirebaseInAppActions.swift in Sources */,
				F40B169E242DFBEB009ADB3B /* BalanceViewController.swift in Sources */,
				F40B16A0242DFBEB009ADB3B /* HomeViewController.swift in Sources */,
			);
			runOnlyForDeploymentPostprocessing = 0;
		};
/* End PBXSourcesBuildPhase section */

/* Begin PBXTargetDependency section */
		F401E64B242E2C740050B487 /* PBXTargetDependency */ = {
			isa = PBXTargetDependency;
			target = F401E644242E2C740050B487 /* NotificationServicesExtension */;
			targetProxy = F401E64A242E2C740050B487 /* PBXContainerItemProxy */;
		};
/* End PBXTargetDependency section */

/* Begin PBXVariantGroup section */
		F40B168C242DF9D4009ADB3B /* LaunchScreen.storyboard */ = {
			isa = PBXVariantGroup;
			children = (
				F40B168D242DF9D4009ADB3B /* Base */,
			);
			name = LaunchScreen.storyboard;
			sourceTree = "<group>";
		};
/* End PBXVariantGroup section */

/* Begin XCBuildConfiguration section */
		F401E64E242E2C740050B487 /* Debug */ = {
			isa = XCBuildConfiguration;
			baseConfigurationReference = F7B1E40791359C8EF2E3C564 /* Pods-NotificationServicesExtension.debug.xcconfig */;
			buildSettings = {
				CODE_SIGN_STYLE = Automatic;
				DEVELOPMENT_TEAM = 44ST363BTK;
				INFOPLIST_FILE = NotificationServicesExtension/Info.plist;
				LD_RUNPATH_SEARCH_PATHS = (
					"$(inherited)",
					"@executable_path/Frameworks",
					"@executable_path/../../Frameworks",
				);
				PRODUCT_BUNDLE_IDENTIFIER = br.com.ynascimento.FCM.NotificationServicesExtension;
				PRODUCT_NAME = "$(TARGET_NAME)";
				SKIP_INSTALL = YES;
				SWIFT_VERSION = 5.0;
				TARGETED_DEVICE_FAMILY = "1,2";
			};
			name = Debug;
		};
		F401E64F242E2C740050B487 /* Release */ = {
			isa = XCBuildConfiguration;
			baseConfigurationReference = 63A369FFFED4ED87E9EBA4F2 /* Pods-NotificationServicesExtension.release.xcconfig */;
			buildSettings = {
				CODE_SIGN_STYLE = Automatic;
				DEVELOPMENT_TEAM = 44ST363BTK;
				INFOPLIST_FILE = NotificationServicesExtension/Info.plist;
				LD_RUNPATH_SEARCH_PATHS = (
					"$(inherited)",
					"@executable_path/Frameworks",
					"@executable_path/../../Frameworks",
				);
				PRODUCT_BUNDLE_IDENTIFIER = br.com.ynascimento.FCM.NotificationServicesExtension;
				PRODUCT_NAME = "$(TARGET_NAME)";
				SKIP_INSTALL = YES;
				SWIFT_VERSION = 5.0;
				TARGETED_DEVICE_FAMILY = "1,2";
			};
			name = Release;
		};
		F40B1690242DF9D4009ADB3B /* Debug */ = {
			isa = XCBuildConfiguration;
			buildSettings = {
				ALWAYS_SEARCH_USER_PATHS = NO;
				CLANG_ANALYZER_NONNULL = YES;
				CLANG_ANALYZER_NUMBER_OBJECT_CONVERSION = YES_AGGRESSIVE;
				CLANG_CXX_LANGUAGE_STANDARD = "gnu++14";
				CLANG_CXX_LIBRARY = "libc++";
				CLANG_ENABLE_MODULES = YES;
				CLANG_ENABLE_OBJC_ARC = YES;
				CLANG_ENABLE_OBJC_WEAK = YES;
				CLANG_WARN_BLOCK_CAPTURE_AUTORELEASING = YES;
				CLANG_WARN_BOOL_CONVERSION = YES;
				CLANG_WARN_COMMA = YES;
				CLANG_WARN_CONSTANT_CONVERSION = YES;
				CLANG_WARN_DEPRECATED_OBJC_IMPLEMENTATIONS = YES;
				CLANG_WARN_DIRECT_OBJC_ISA_USAGE = YES_ERROR;
				CLANG_WARN_DOCUMENTATION_COMMENTS = YES;
				CLANG_WARN_EMPTY_BODY = YES;
				CLANG_WARN_ENUM_CONVERSION = YES;
				CLANG_WARN_INFINITE_RECURSION = YES;
				CLANG_WARN_INT_CONVERSION = YES;
				CLANG_WARN_NON_LITERAL_NULL_CONVERSION = YES;
				CLANG_WARN_OBJC_IMPLICIT_RETAIN_SELF = YES;
				CLANG_WARN_OBJC_LITERAL_CONVERSION = YES;
				CLANG_WARN_OBJC_ROOT_CLASS = YES_ERROR;
				CLANG_WARN_RANGE_LOOP_ANALYSIS = YES;
				CLANG_WARN_STRICT_PROTOTYPES = YES;
				CLANG_WARN_SUSPICIOUS_MOVE = YES;
				CLANG_WARN_UNGUARDED_AVAILABILITY = YES_AGGRESSIVE;
				CLANG_WARN_UNREACHABLE_CODE = YES;
				CLANG_WARN__DUPLICATE_METHOD_MATCH = YES;
				COPY_PHASE_STRIP = NO;
				DEBUG_INFORMATION_FORMAT = dwarf;
				ENABLE_STRICT_OBJC_MSGSEND = YES;
				ENABLE_TESTABILITY = YES;
				GCC_C_LANGUAGE_STANDARD = gnu11;
				GCC_DYNAMIC_NO_PIC = NO;
				GCC_NO_COMMON_BLOCKS = YES;
				GCC_OPTIMIZATION_LEVEL = 0;
				GCC_PREPROCESSOR_DEFINITIONS = (
					"DEBUG=1",
					"$(inherited)",
				);
				GCC_WARN_64_TO_32_BIT_CONVERSION = YES;
				GCC_WARN_ABOUT_RETURN_TYPE = YES_ERROR;
				GCC_WARN_UNDECLARED_SELECTOR = YES;
				GCC_WARN_UNINITIALIZED_AUTOS = YES_AGGRESSIVE;
				GCC_WARN_UNUSED_FUNCTION = YES;
				GCC_WARN_UNUSED_VARIABLE = YES;
				IPHONEOS_DEPLOYMENT_TARGET = 13.2;
				MTL_ENABLE_DEBUG_INFO = INCLUDE_SOURCE;
				MTL_FAST_MATH = YES;
				ONLY_ACTIVE_ARCH = YES;
				SDKROOT = iphoneos;
				SWIFT_ACTIVE_COMPILATION_CONDITIONS = DEBUG;
				SWIFT_OPTIMIZATION_LEVEL = "-Onone";
			};
			name = Debug;
		};
		F40B1691242DF9D4009ADB3B /* Release */ = {
			isa = XCBuildConfiguration;
			buildSettings = {
				ALWAYS_SEARCH_USER_PATHS = NO;
				CLANG_ANALYZER_NONNULL = YES;
				CLANG_ANALYZER_NUMBER_OBJECT_CONVERSION = YES_AGGRESSIVE;
				CLANG_CXX_LANGUAGE_STANDARD = "gnu++14";
				CLANG_CXX_LIBRARY = "libc++";
				CLANG_ENABLE_MODULES = YES;
				CLANG_ENABLE_OBJC_ARC = YES;
				CLANG_ENABLE_OBJC_WEAK = YES;
				CLANG_WARN_BLOCK_CAPTURE_AUTORELEASING = YES;
				CLANG_WARN_BOOL_CONVERSION = YES;
				CLANG_WARN_COMMA = YES;
				CLANG_WARN_CONSTANT_CONVERSION = YES;
				CLANG_WARN_DEPRECATED_OBJC_IMPLEMENTATIONS = YES;
				CLANG_WARN_DIRECT_OBJC_ISA_USAGE = YES_ERROR;
				CLANG_WARN_DOCUMENTATION_COMMENTS = YES;
				CLANG_WARN_EMPTY_BODY = YES;
				CLANG_WARN_ENUM_CONVERSION = YES;
				CLANG_WARN_INFINITE_RECURSION = YES;
				CLANG_WARN_INT_CONVERSION = YES;
				CLANG_WARN_NON_LITERAL_NULL_CONVERSION = YES;
				CLANG_WARN_OBJC_IMPLICIT_RETAIN_SELF = YES;
				CLANG_WARN_OBJC_LITERAL_CONVERSION = YES;
				CLANG_WARN_OBJC_ROOT_CLASS = YES_ERROR;
				CLANG_WARN_RANGE_LOOP_ANALYSIS = YES;
				CLANG_WARN_STRICT_PROTOTYPES = YES;
				CLANG_WARN_SUSPICIOUS_MOVE = YES;
				CLANG_WARN_UNGUARDED_AVAILABILITY = YES_AGGRESSIVE;
				CLANG_WARN_UNREACHABLE_CODE = YES;
				CLANG_WARN__DUPLICATE_METHOD_MATCH = YES;
				COPY_PHASE_STRIP = NO;
				DEBUG_INFORMATION_FORMAT = "dwarf-with-dsym";
				ENABLE_NS_ASSERTIONS = NO;
				ENABLE_STRICT_OBJC_MSGSEND = YES;
				GCC_C_LANGUAGE_STANDARD = gnu11;
				GCC_NO_COMMON_BLOCKS = YES;
				GCC_WARN_64_TO_32_BIT_CONVERSION = YES;
				GCC_WARN_ABOUT_RETURN_TYPE = YES_ERROR;
				GCC_WARN_UNDECLARED_SELECTOR = YES;
				GCC_WARN_UNINITIALIZED_AUTOS = YES_AGGRESSIVE;
				GCC_WARN_UNUSED_FUNCTION = YES;
				GCC_WARN_UNUSED_VARIABLE = YES;
				IPHONEOS_DEPLOYMENT_TARGET = 13.2;
				MTL_ENABLE_DEBUG_INFO = NO;
				MTL_FAST_MATH = YES;
				SDKROOT = iphoneos;
				SWIFT_COMPILATION_MODE = wholemodule;
				SWIFT_OPTIMIZATION_LEVEL = "-O";
				VALIDATE_PRODUCT = YES;
			};
			name = Release;
		};
		F40B1693242DF9D4009ADB3B /* Debug */ = {
			isa = XCBuildConfiguration;
			baseConfigurationReference = 996E8D96F46A11178BBDF065 /* Pods-FCM.debug.xcconfig */;
			buildSettings = {
				ALWAYS_EMBED_SWIFT_STANDARD_LIBRARIES = YES;
				ASSETCATALOG_COMPILER_APPICON_NAME = AppIcon;
				CODE_SIGN_ENTITLEMENTS = FCM/FCM.entitlements;
				CODE_SIGN_STYLE = Automatic;
				DEVELOPMENT_TEAM = 44ST363BTK;
				INFOPLIST_FILE = FCM/SupportFiles/Info.plist;
				LD_RUNPATH_SEARCH_PATHS = (
					"$(inherited)",
					"@executable_path/Frameworks",
				);
				PRODUCT_BUNDLE_IDENTIFIER = br.com.ynascimento.FCM;
				PRODUCT_NAME = "$(TARGET_NAME)";
				SWIFT_VERSION = 5.0;
				TARGETED_DEVICE_FAMILY = "1,2";
			};
			name = Debug;
		};
		F40B1694242DF9D4009ADB3B /* Release */ = {
			isa = XCBuildConfiguration;
			baseConfigurationReference = 6A6EC99A61ABFFF3AAC772E8 /* Pods-FCM.release.xcconfig */;
			buildSettings = {
				ALWAYS_EMBED_SWIFT_STANDARD_LIBRARIES = YES;
				ASSETCATALOG_COMPILER_APPICON_NAME = AppIcon;
				CODE_SIGN_ENTITLEMENTS = FCM/FCM.entitlements;
				CODE_SIGN_STYLE = Automatic;
				DEVELOPMENT_TEAM = 44ST363BTK;
				INFOPLIST_FILE = FCM/SupportFiles/Info.plist;
				LD_RUNPATH_SEARCH_PATHS = (
					"$(inherited)",
					"@executable_path/Frameworks",
				);
				PRODUCT_BUNDLE_IDENTIFIER = br.com.ynascimento.FCM;
				PRODUCT_NAME = "$(TARGET_NAME)";
				SWIFT_VERSION = 5.0;
				TARGETED_DEVICE_FAMILY = "1,2";
			};
			name = Release;
		};
/* End XCBuildConfiguration section */

/* Begin XCConfigurationList section */
		F401E650242E2C740050B487 /* Build configuration list for PBXNativeTarget "NotificationServicesExtension" */ = {
			isa = XCConfigurationList;
			buildConfigurations = (
				F401E64E242E2C740050B487 /* Debug */,
				F401E64F242E2C740050B487 /* Release */,
			);
			defaultConfigurationIsVisible = 0;
			defaultConfigurationName = Release;
		};
		F40B1679242DF9D3009ADB3B /* Build configuration list for PBXProject "FCM" */ = {
			isa = XCConfigurationList;
			buildConfigurations = (
				F40B1690242DF9D4009ADB3B /* Debug */,
				F40B1691242DF9D4009ADB3B /* Release */,
			);
			defaultConfigurationIsVisible = 0;
			defaultConfigurationName = Release;
		};
		F40B1692242DF9D4009ADB3B /* Build configuration list for PBXNativeTarget "FCM" */ = {
			isa = XCConfigurationList;
			buildConfigurations = (
				F40B1693242DF9D4009ADB3B /* Debug */,
				F40B1694242DF9D4009ADB3B /* Release */,
			);
			defaultConfigurationIsVisible = 0;
			defaultConfigurationName = Release;
		};
/* End XCConfigurationList section */
	};
	rootObject = F40B1676242DF9D3009ADB3B /* Project object */;
}
