// !$*UTF8*$!
{
	archiveVersion = 1;
	classes = {
	};
	objectVersion = 50;
	objects = {

/* Begin PBXBuildFile section */
		F41C2236242B6AF900831568 /* AppDelegate.swift in Sources */ = {isa = PBXBuildFile; fileRef = F41C2235242B6AF900831568 /* AppDelegate.swift */; };
		F41C223F242B6AFA00831568 /* Assets.xcassets in Resources */ = {isa = PBXBuildFile; fileRef = F41C223E242B6AFA00831568 /* Assets.xcassets */; };
		F41C2242242B6AFA00831568 /* LaunchScreen.storyboard in Resources */ = {isa = PBXBuildFile; fileRef = F41C2240242B6AFA00831568 /* LaunchScreen.storyboard */; };
		F46FE497242D5EB7001FF3A4 /* GoogleService-Info.plist in Resources */ = {isa = PBXBuildFile; fileRef = F46FE496242D5EB7001FF3A4 /* GoogleService-Info.plist */; };
		F486169E242B6C0400505F89 /* LoginViewController.swift in Sources */ = {isa = PBXBuildFile; fileRef = F486169D242B6C0400505F89 /* LoginViewController.swift */; };
		F48616A0242B6C1500505F89 /* HomeViewController.swift in Sources */ = {isa = PBXBuildFile; fileRef = F486169F242B6C1500505F89 /* HomeViewController.swift */; };
		F48616A2242B6C1D00505F89 /* BalanceViewController.swift in Sources */ = {isa = PBXBuildFile; fileRef = F48616A1242B6C1D00505F89 /* BalanceViewController.swift */; };
		F48616A4242B6C2400505F89 /* PaymentViewController.swift in Sources */ = {isa = PBXBuildFile; fileRef = F48616A3242B6C2400505F89 /* PaymentViewController.swift */; };
/* End PBXBuildFile section */

/* Begin PBXFileReference section */
		F41C2232242B6AF900831568 /* Firebase.app */ = {isa = PBXFileReference; explicitFileType = wrapper.application; includeInIndex = 0; path = Firebase.app; sourceTree = BUILT_PRODUCTS_DIR; };
		F41C2235242B6AF900831568 /* AppDelegate.swift */ = {isa = PBXFileReference; lastKnownFileType = sourcecode.swift; path = AppDelegate.swift; sourceTree = "<group>"; };
		F41C223E242B6AFA00831568 /* Assets.xcassets */ = {isa = PBXFileReference; lastKnownFileType = folder.assetcatalog; path = Assets.xcassets; sourceTree = "<group>"; };
		F41C2241242B6AFA00831568 /* Base */ = {isa = PBXFileReference; lastKnownFileType = file.storyboard; name = Base; path = Base.lproj/LaunchScreen.storyboard; sourceTree = "<group>"; };
		F41C2243242B6AFA00831568 /* Info.plist */ = {isa = PBXFileReference; lastKnownFileType = text.plist.xml; path = Info.plist; sourceTree = "<group>"; };
		F46FE496242D5EB7001FF3A4 /* GoogleService-Info.plist */ = {isa = PBXFileReference; fileEncoding = 4; lastKnownFileType = text.plist.xml; path = "GoogleService-Info.plist"; sourceTree = "<group>"; };
		F486169D242B6C0400505F89 /* LoginViewController.swift */ = {isa = PBXFileReference; fileEncoding = 4; lastKnownFileType = sourcecode.swift; path = LoginViewController.swift; sourceTree = "<group>"; };
		F486169F242B6C1500505F89 /* HomeViewController.swift */ = {isa = PBXFileReference; fileEncoding = 4; lastKnownFileType = sourcecode.swift; path = HomeViewController.swift; sourceTree = "<group>"; };
		F48616A1242B6C1D00505F89 /* BalanceViewController.swift */ = {isa = PBXFileReference; fileEncoding = 4; lastKnownFileType = sourcecode.swift; path = BalanceViewController.swift; sourceTree = "<group>"; };
		F48616A3242B6C2400505F89 /* PaymentViewController.swift */ = {isa = PBXFileReference; fileEncoding = 4; lastKnownFileType = sourcecode.swift; path = PaymentViewController.swift; sourceTree = "<group>"; };
/* End PBXFileReference section */

/* Begin PBXFrameworksBuildPhase section */
		F41C222F242B6AF900831568 /* Frameworks */ = {
			isa = PBXFrameworksBuildPhase;
			buildActionMask = 2147483647;
			files = (
			);
			runOnlyForDeploymentPostprocessing = 0;
		};
/* End PBXFrameworksBuildPhase section */

/* Begin PBXGroup section */
		F41C2229242B6AF900831568 = {
			isa = PBXGroup;
			children = (
				F41C2234242B6AF900831568 /* Firebase */,
				F41C2233242B6AF900831568 /* Products */,
			);
			sourceTree = "<group>";
		};
		F41C2233242B6AF900831568 /* Products */ = {
			isa = PBXGroup;
			children = (
				F41C2232242B6AF900831568 /* Firebase.app */,
			);
			name = Products;
			sourceTree = "<group>";
		};
		F41C2234242B6AF900831568 /* Firebase */ = {
			isa = PBXGroup;
			children = (
				F48616A5242B6C4E00505F89 /* SupportFiles */,
				F486169C242B6BE800505F89 /* Controller */,
				F486169B242B6BE000505F89 /* View */,
				F486169A242B6BD700505F89 /* Model */,
			);
			path = Firebase;
			sourceTree = "<group>";
		};
		F486169A242B6BD700505F89 /* Model */ = {
			isa = PBXGroup;
			children = (
			);
			path = Model;
			sourceTree = "<group>";
		};
		F486169B242B6BE000505F89 /* View */ = {
			isa = PBXGroup;
			children = (
			);
			path = View;
			sourceTree = "<group>";
		};
		F486169C242B6BE800505F89 /* Controller */ = {
			isa = PBXGroup;
			children = (
				F486169D242B6C0400505F89 /* LoginViewController.swift */,
				F486169F242B6C1500505F89 /* HomeViewController.swift */,
				F48616A1242B6C1D00505F89 /* BalanceViewController.swift */,
				F48616A3242B6C2400505F89 /* PaymentViewController.swift */,
			);
			path = Controller;
			sourceTree = "<group>";
		};
		F48616A5242B6C4E00505F89 /* SupportFiles */ = {
			isa = PBXGroup;
			children = (
				F41C2235242B6AF900831568 /* AppDelegate.swift */,
				F41C223E242B6AFA00831568 /* Assets.xcassets */,
				F41C2240242B6AFA00831568 /* LaunchScreen.storyboard */,
				F41C2243242B6AFA00831568 /* Info.plist */,
				F46FE496242D5EB7001FF3A4 /* GoogleService-Info.plist */,
			);
			path = SupportFiles;
			sourceTree = "<group>";
		};
/* End PBXGroup section */

/* Begin PBXNativeTarget section */
		F41C2231242B6AF900831568 /* Firebase */ = {
			isa = PBXNativeTarget;
			buildConfigurationList = F41C2246242B6AFA00831568 /* Build configuration list for PBXNativeTarget "Firebase" */;
			buildPhases = (
				F41C222E242B6AF900831568 /* Sources */,
				F41C222F242B6AF900831568 /* Frameworks */,
				F41C2230242B6AF900831568 /* Resources */,
			);
			buildRules = (
			);
			dependencies = (
			);
			name = Firebase;
			productName = Firebase;
			productReference = F41C2232242B6AF900831568 /* Firebase.app */;
			productType = "com.apple.product-type.application";
		};
/* End PBXNativeTarget section */

/* Begin PBXProject section */
		F41C222A242B6AF900831568 /* Project object */ = {
			isa = PBXProject;
			attributes = {
				LastSwiftUpdateCheck = 1140;
				LastUpgradeCheck = 1140;
				ORGANIZATIONNAME = "Ygor Nascimento";
				TargetAttributes = {
					F41C2231242B6AF900831568 = {
						CreatedOnToolsVersion = 11.4;
					};
				};
			};
			buildConfigurationList = F41C222D242B6AF900831568 /* Build configuration list for PBXProject "Firebase" */;
			compatibilityVersion = "Xcode 9.3";
			developmentRegion = en;
			hasScannedForEncodings = 0;
			knownRegions = (
				en,
				Base,
			);
			mainGroup = F41C2229242B6AF900831568;
			productRefGroup = F41C2233242B6AF900831568 /* Products */;
			projectDirPath = "";
			projectRoot = "";
			targets = (
				F41C2231242B6AF900831568 /* Firebase */,
			);
		};
/* End PBXProject section */

/* Begin PBXResourcesBuildPhase section */
		F41C2230242B6AF900831568 /* Resources */ = {
			isa = PBXResourcesBuildPhase;
			buildActionMask = 2147483647;
			files = (
				F41C2242242B6AFA00831568 /* LaunchScreen.storyboard in Resources */,
				F41C223F242B6AFA00831568 /* Assets.xcassets in Resources */,
				F46FE497242D5EB7001FF3A4 /* GoogleService-Info.plist in Resources */,
			);
			runOnlyForDeploymentPostprocessing = 0;
		};
/* End PBXResourcesBuildPhase section */

/* Begin PBXSourcesBuildPhase section */
		F41C222E242B6AF900831568 /* Sources */ = {
			isa = PBXSourcesBuildPhase;
			buildActionMask = 2147483647;
			files = (
				F486169E242B6C0400505F89 /* LoginViewController.swift in Sources */,
				F48616A4242B6C2400505F89 /* PaymentViewController.swift in Sources */,
				F48616A2242B6C1D00505F89 /* BalanceViewController.swift in Sources */,
				F41C2236242B6AF900831568 /* AppDelegate.swift in Sources */,
				F48616A0242B6C1500505F89 /* HomeViewController.swift in Sources */,
			);
			runOnlyForDeploymentPostprocessing = 0;
		};
/* End PBXSourcesBuildPhase section */

/* Begin PBXVariantGroup section */
		F41C2240242B6AFA00831568 /* LaunchScreen.storyboard */ = {
			isa = PBXVariantGroup;
			children = (
				F41C2241242B6AFA00831568 /* Base */,
			);
			name = LaunchScreen.storyboard;
			sourceTree = "<group>";
		};
/* End PBXVariantGroup section */

/* Begin XCBuildConfiguration section */
		F41C2244242B6AFA00831568 /* Debug */ = {
			isa = XCBuildConfiguration;
			buildSettings = {
				ALWAYS_SEARCH_USER_PATHS = NO;
				CLANG_ANALYZER_NONNULL = YES;
				CLANG_ANALYZER_NUMBER_OBJECT_CONVERSION = YES_AGGRESSIVE;
				CLANG_CXX_LANGUAGE_STANDARD = "gnu++14";
				CLANG_CXX_LIBRARY = "libc++";
				CLANG_ENABLE_MODULES = YES;
				CLANG_ENABLE_OBJC_ARC = YES;
				CLANG_ENABLE_OBJC_WEAK = YES;
				CLANG_WARN_BLOCK_CAPTURE_AUTORELEASING = YES;
				CLANG_WARN_BOOL_CONVERSION = YES;
				CLANG_WARN_COMMA = YES;
				CLANG_WARN_CONSTANT_CONVERSION = YES;
				CLANG_WARN_DEPRECATED_OBJC_IMPLEMENTATIONS = YES;
				CLANG_WARN_DIRECT_OBJC_ISA_USAGE = YES_ERROR;
				CLANG_WARN_DOCUMENTATION_COMMENTS = YES;
				CLANG_WARN_EMPTY_BODY = YES;
				CLANG_WARN_ENUM_CONVERSION = YES;
				CLANG_WARN_INFINITE_RECURSION = YES;
				CLANG_WARN_INT_CONVERSION = YES;
				CLANG_WARN_NON_LITERAL_NULL_CONVERSION = YES;
				CLANG_WARN_OBJC_IMPLICIT_RETAIN_SELF = YES;
				CLANG_WARN_OBJC_LITERAL_CONVERSION = YES;
				CLANG_WARN_OBJC_ROOT_CLASS = YES_ERROR;
				CLANG_WARN_RANGE_LOOP_ANALYSIS = YES;
				CLANG_WARN_STRICT_PROTOTYPES = YES;
				CLANG_WARN_SUSPICIOUS_MOVE = YES;
				CLANG_WARN_UNGUARDED_AVAILABILITY = YES_AGGRESSIVE;
				CLANG_WARN_UNREACHABLE_CODE = YES;
				CLANG_WARN__DUPLICATE_METHOD_MATCH = YES;
				COPY_PHASE_STRIP = NO;
				DEBUG_INFORMATION_FORMAT = dwarf;
				ENABLE_STRICT_OBJC_MSGSEND = YES;
				ENABLE_TESTABILITY = YES;
				GCC_C_LANGUAGE_STANDARD = gnu11;
				GCC_DYNAMIC_NO_PIC = NO;
				GCC_NO_COMMON_BLOCKS = YES;
				GCC_OPTIMIZATION_LEVEL = 0;
				GCC_PREPROCESSOR_DEFINITIONS = (
					"DEBUG=1",
					"$(inherited)",
				);
				GCC_WARN_64_TO_32_BIT_CONVERSION = YES;
				GCC_WARN_ABOUT_RETURN_TYPE = YES_ERROR;
				GCC_WARN_UNDECLARED_SELECTOR = YES;
				GCC_WARN_UNINITIALIZED_AUTOS = YES_AGGRESSIVE;
				GCC_WARN_UNUSED_FUNCTION = YES;
				GCC_WARN_UNUSED_VARIABLE = YES;
				IPHONEOS_DEPLOYMENT_TARGET = 13.4;
				MTL_ENABLE_DEBUG_INFO = INCLUDE_SOURCE;
				MTL_FAST_MATH = YES;
				ONLY_ACTIVE_ARCH = YES;
				SDKROOT = iphoneos;
				SWIFT_ACTIVE_COMPILATION_CONDITIONS = DEBUG;
				SWIFT_OPTIMIZATION_LEVEL = "-Onone";
			};
			name = Debug;
		};
		F41C2245242B6AFA00831568 /* Release */ = {
			isa = XCBuildConfiguration;
			buildSettings = {
				ALWAYS_SEARCH_USER_PATHS = NO;
				CLANG_ANALYZER_NONNULL = YES;
				CLANG_ANALYZER_NUMBER_OBJECT_CONVERSION = YES_AGGRESSIVE;
				CLANG_CXX_LANGUAGE_STANDARD = "gnu++14";
				CLANG_CXX_LIBRARY = "libc++";
				CLANG_ENABLE_MODULES = YES;
				CLANG_ENABLE_OBJC_ARC = YES;
				CLANG_ENABLE_OBJC_WEAK = YES;
				CLANG_WARN_BLOCK_CAPTURE_AUTORELEASING = YES;
				CLANG_WARN_BOOL_CONVERSION = YES;
				CLANG_WARN_COMMA = YES;
				CLANG_WARN_CONSTANT_CONVERSION = YES;
				CLANG_WARN_DEPRECATED_OBJC_IMPLEMENTATIONS = YES;
				CLANG_WARN_DIRECT_OBJC_ISA_USAGE = YES_ERROR;
				CLANG_WARN_DOCUMENTATION_COMMENTS = YES;
				CLANG_WARN_EMPTY_BODY = YES;
				CLANG_WARN_ENUM_CONVERSION = YES;
				CLANG_WARN_INFINITE_RECURSION = YES;
				CLANG_WARN_INT_CONVERSION = YES;
				CLANG_WARN_NON_LITERAL_NULL_CONVERSION = YES;
				CLANG_WARN_OBJC_IMPLICIT_RETAIN_SELF = YES;
				CLANG_WARN_OBJC_LITERAL_CONVERSION = YES;
				CLANG_WARN_OBJC_ROOT_CLASS = YES_ERROR;
				CLANG_WARN_RANGE_LOOP_ANALYSIS = YES;
				CLANG_WARN_STRICT_PROTOTYPES = YES;
				CLANG_WARN_SUSPICIOUS_MOVE = YES;
				CLANG_WARN_UNGUARDED_AVAILABILITY = YES_AGGRESSIVE;
				CLANG_WARN_UNREACHABLE_CODE = YES;
				CLANG_WARN__DUPLICATE_METHOD_MATCH = YES;
				COPY_PHASE_STRIP = NO;
				DEBUG_INFORMATION_FORMAT = "dwarf-with-dsym";
				ENABLE_NS_ASSERTIONS = NO;
				ENABLE_STRICT_OBJC_MSGSEND = YES;
				GCC_C_LANGUAGE_STANDARD = gnu11;
				GCC_NO_COMMON_BLOCKS = YES;
				GCC_WARN_64_TO_32_BIT_CONVERSION = YES;
				GCC_WARN_ABOUT_RETURN_TYPE = YES_ERROR;
				GCC_WARN_UNDECLARED_SELECTOR = YES;
				GCC_WARN_UNINITIALIZED_AUTOS = YES_AGGRESSIVE;
				GCC_WARN_UNUSED_FUNCTION = YES;
				GCC_WARN_UNUSED_VARIABLE = YES;
				IPHONEOS_DEPLOYMENT_TARGET = 13.4;
				MTL_ENABLE_DEBUG_INFO = NO;
				MTL_FAST_MATH = YES;
				SDKROOT = iphoneos;
				SWIFT_COMPILATION_MODE = wholemodule;
				SWIFT_OPTIMIZATION_LEVEL = "-O";
				VALIDATE_PRODUCT = YES;
			};
			name = Release;
		};
		F41C2247242B6AFA00831568 /* Debug */ = {
			isa = XCBuildConfiguration;
			buildSettings = {
				ASSETCATALOG_COMPILER_APPICON_NAME = AppIcon;
				CODE_SIGN_STYLE = Automatic;
				DEVELOPMENT_TEAM = 44ST363BTK;
				INFOPLIST_FILE = Firebase/SupportFiles/Info.plist;
				LD_RUNPATH_SEARCH_PATHS = (
					"$(inherited)",
					"@executable_path/Frameworks",
				);
				PRODUCT_BUNDLE_IDENTIFIER = br.com.ynascimento.FirebaseCloudMessage;
				PRODUCT_NAME = "$(TARGET_NAME)";
				SWIFT_VERSION = 5.0;
				TARGETED_DEVICE_FAMILY = 1;
			};
			name = Debug;
		};
		F41C2248242B6AFA00831568 /* Release */ = {
			isa = XCBuildConfiguration;
			buildSettings = {
				ASSETCATALOG_COMPILER_APPICON_NAME = AppIcon;
				CODE_SIGN_STYLE = Automatic;
				DEVELOPMENT_TEAM = 44ST363BTK;
				INFOPLIST_FILE = Firebase/SupportFiles/Info.plist;
				LD_RUNPATH_SEARCH_PATHS = (
					"$(inherited)",
					"@executable_path/Frameworks",
				);
				PRODUCT_BUNDLE_IDENTIFIER = br.com.ynascimento.FirebaseCloudMessage;
				PRODUCT_NAME = "$(TARGET_NAME)";
				SWIFT_VERSION = 5.0;
				TARGETED_DEVICE_FAMILY = 1;
			};
			name = Release;
		};
/* End XCBuildConfiguration section */

/* Begin XCConfigurationList section */
		F41C222D242B6AF900831568 /* Build configuration list for PBXProject "Firebase" */ = {
			isa = XCConfigurationList;
			buildConfigurations = (
				F41C2244242B6AFA00831568 /* Debug */,
				F41C2245242B6AFA00831568 /* Release */,
			);
			defaultConfigurationIsVisible = 0;
			defaultConfigurationName = Release;
		};
		F41C2246242B6AFA00831568 /* Build configuration list for PBXNativeTarget "Firebase" */ = {
			isa = XCConfigurationList;
			buildConfigurations = (
				F41C2247242B6AFA00831568 /* Debug */,
				F41C2248242B6AFA00831568 /* Release */,
			);
			defaultConfigurationIsVisible = 0;
			defaultConfigurationName = Release;
		};
/* End XCConfigurationList section */
	};
	rootObject = F41C222A242B6AF900831568 /* Project object */;
}
